
Microsoft Visual Studio Solution File, Format Version 12.00
# Visual Studio Version 16
VisualStudioVersion = 16.0.31729.503
MinimumVisualStudioVersion = 10.0.40219.1
Project("{9A19103F-16F7-4668-BE54-9A1E7A4F7556}") = "Modul02_HelloWorld", "HelloWorld\Modul02_HelloWorld.csproj", "{501883B6-DC65-450C-975D-88DD23027CE1}"
EndProject
Project("{9A19103F-16F7-4668-BE54-9A1E7A4F7556}") = "Lab02_Geschwindigkeiten", "Geschwindigkeiten\Lab02_Geschwindigkeiten.csproj", "{8636941E-9BF9-4BCA-9A7B-FE1691568C2A}"
EndProject
Project("{9A19103F-16F7-4668-BE54-9A1E7A4F7556}") = "Modul03_Arrays_Bedingungen", "Array_Bedingungen\Modul03_Arrays_Bedingungen.csproj", "{67822AB0-08E8-4068-BA04-B013384E22A4}"
EndProject
Project("{9A19103F-16F7-4668-BE54-9A1E7A4F7556}") = "Lab03_Schaltjahrrechner_MiniLotto", "Schaltjahrrechner_MiniLotto\Lab03_Schaltjahrrechner_MiniLotto.csproj", "{26620878-A10B-4760-9576-B445CEA40A60}"
EndProject
Project("{9A19103F-16F7-4668-BE54-9A1E7A4F7556}") = "Modul04_Schleifen_Enums", "Schleifen_Enums\Modul04_Schleifen_Enums.csproj", "{F091F5FA-80C5-4890-A6A7-42D762E02DA5}"
EndProject
Project("{9A19103F-16F7-4668-BE54-9A1E7A4F7556}") = "Lab04_Taschenrechner", "Taschenrechner\Lab04_Taschenrechner.csproj", "{1A5A7698-A010-4E6F-ADA7-FA3C1DC52451}"
EndProject
Project("{FAE04EC0-301F-11D3-BF4B-00C04F79EFBC}") = "Funktionen", "Funktionen\Funktionen.csproj", "{B484ABC0-1BDD-45C1-A279-D0D1E786F68A}"
EndProject
Global
	GlobalSection(SolutionConfigurationPlatforms) = preSolution
		Debug|Any CPU = Debug|Any CPU
		Release|Any CPU = Release|Any CPU
	EndGlobalSection
	GlobalSection(ProjectConfigurationPlatforms) = postSolution
		{501883B6-DC65-450C-975D-88DD23027CE1}.Debug|Any CPU.ActiveCfg = Debug|Any CPU
		{501883B6-DC65-450C-975D-88DD23027CE1}.Debug|Any CPU.Build.0 = Debug|Any CPU
		{501883B6-DC65-450C-975D-88DD23027CE1}.Release|Any CPU.ActiveCfg = Release|Any CPU
		{501883B6-DC65-450C-975D-88DD23027CE1}.Release|Any CPU.Build.0 = Release|Any CPU
		{8636941E-9BF9-4BCA-9A7B-FE1691568C2A}.Debug|Any CPU.ActiveCfg = Debug|Any CPU
		{8636941E-9BF9-4BCA-9A7B-FE1691568C2A}.Debug|Any CPU.Build.0 = Debug|Any CPU
		{8636941E-9BF9-4BCA-9A7B-FE1691568C2A}.Release|Any CPU.ActiveCfg = Release|Any CPU
		{8636941E-9BF9-4BCA-9A7B-FE1691568C2A}.Release|Any CPU.Build.0 = Release|Any CPU
		{67822AB0-08E8-4068-BA04-B013384E22A4}.Debug|Any CPU.ActiveCfg = Debug|Any CPU
		{67822AB0-08E8-4068-BA04-B013384E22A4}.Debug|Any CPU.Build.0 = Debug|Any CPU
		{67822AB0-08E8-4068-BA04-B013384E22A4}.Release|Any CPU.ActiveCfg = Release|Any CPU
		{67822AB0-08E8-4068-BA04-B013384E22A4}.Release|Any CPU.Build.0 = Release|Any CPU
		{26620878-A10B-4760-9576-B445CEA40A60}.Debug|Any CPU.ActiveCfg = Debug|Any CPU
		{26620878-A10B-4760-9576-B445CEA40A60}.Debug|Any CPU.Build.0 = Debug|Any CPU
		{26620878-A10B-4760-9576-B445CEA40A60}.Release|Any CPU.ActiveCfg = Release|Any CPU
		{26620878-A10B-4760-9576-B445CEA40A60}.Release|Any CPU.Build.0 = Release|Any CPU
		{F091F5FA-80C5-4890-A6A7-42D762E02DA5}.Debug|Any CPU.ActiveCfg = Debug|Any CPU
		{F091F5FA-80C5-4890-A6A7-42D762E02DA5}.Debug|Any CPU.Build.0 = Debug|Any CPU
		{F091F5FA-80C5-4890-A6A7-42D762E02DA5}.Release|Any CPU.ActiveCfg = Release|Any CPU
		{F091F5FA-80C5-4890-A6A7-42D762E02DA5}.Release|Any CPU.Build.0 = Release|Any CPU
		{1A5A7698-A010-4E6F-ADA7-FA3C1DC52451}.Debug|Any CPU.ActiveCfg = Debug|Any CPU
		{1A5A7698-A010-4E6F-ADA7-FA3C1DC52451}.Debug|Any CPU.Build.0 = Debug|Any CPU
		{1A5A7698-A010-4E6F-ADA7-FA3C1DC52451}.Release|Any CPU.ActiveCfg = Release|Any CPU
		{1A5A7698-A010-4E6F-ADA7-FA3C1DC52451}.Release|Any CPU.Build.0 = Release|Any CPU
		{B484ABC0-1BDD-45C1-A279-D0D1E786F68A}.Debug|Any CPU.ActiveCfg = Debug|Any CPU
		{B484ABC0-1BDD-45C1-A279-D0D1E786F68A}.Debug|Any CPU.Build.0 = Debug|Any CPU
		{B484ABC0-1BDD-45C1-A279-D0D1E786F68A}.Release|Any CPU.ActiveCfg = Release|Any CPU
		{B484ABC0-1BDD-45C1-A279-D0D1E786F68A}.Release|Any CPU.Build.0 = Release|Any CPU
	EndGlobalSection
	GlobalSection(SolutionProperties) = preSolution
		HideSolutionNode = FALSE
	EndGlobalSection
	GlobalSection(ExtensibilityGlobals) = postSolution
		SolutionGuid = {50494354-3690-4A50-87F7-4E92EEE7FDFB}
	EndGlobalSection
EndGlobal
